// !$*UTF8*$!
{
	archiveVersion = 1;
	classes = {
	};
	objectVersion = 55;
	objects = {

/* Begin PBXBuildFile section */
		18333DE9271A9C44008993E8 /* AppDelegate.m in Sources */ = {isa = PBXBuildFile; fileRef = 18333DE8271A9C44008993E8 /* AppDelegate.m */; };
		18333DEC271A9C44008993E8 /* SceneDelegate.m in Sources */ = {isa = PBXBuildFile; fileRef = 18333DEB271A9C44008993E8 /* SceneDelegate.m */; };
		18333DEF271A9C44008993E8 /* ViewController.m in Sources */ = {isa = PBXBuildFile; fileRef = 18333DEE271A9C44008993E8 /* ViewController.m */; };
		18333DF2271A9C44008993E8 /* Main.storyboard in Resources */ = {isa = PBXBuildFile; fileRef = 18333DF0271A9C44008993E8 /* Main.storyboard */; };
		18333DF4271A9C46008993E8 /* Assets.xcassets in Resources */ = {isa = PBXBuildFile; fileRef = 18333DF3271A9C46008993E8 /* Assets.xcassets */; };
		18333DF7271A9C46008993E8 /* LaunchScreen.storyboard in Resources */ = {isa = PBXBuildFile; fileRef = 18333DF5271A9C46008993E8 /* LaunchScreen.storyboard */; };
		18333DFA271A9C46008993E8 /* main.m in Sources */ = {isa = PBXBuildFile; fileRef = 18333DF9271A9C46008993E8 /* main.m */; };
		18333E04271A9C46008993E8 /* TSTestMainTests.m in Sources */ = {isa = PBXBuildFile; fileRef = 18333E03271A9C46008993E8 /* TSTestMainTests.m */; };
		18333E0E271A9C46008993E8 /* TSTestMainUITests.m in Sources */ = {isa = PBXBuildFile; fileRef = 18333E0D271A9C46008993E8 /* TSTestMainUITests.m */; };
		18333E10271A9C46008993E8 /* TSTestMainUITestsLaunchTests.m in Sources */ = {isa = PBXBuildFile; fileRef = 18333E0F271A9C46008993E8 /* TSTestMainUITestsLaunchTests.m */; };
/* End PBXBuildFile section */

/* Begin PBXContainerItemProxy section */
		18333E00271A9C46008993E8 /* PBXContainerItemProxy */ = {
			isa = PBXContainerItemProxy;
			containerPortal = 18333DDC271A9C44008993E8 /* Project object */;
			proxyType = 1;
			remoteGlobalIDString = 18333DE3271A9C44008993E8;
			remoteInfo = TSTestMain;
		};
		18333E0A271A9C46008993E8 /* PBXContainerItemProxy */ = {
			isa = PBXContainerItemProxy;
			containerPortal = 18333DDC271A9C44008993E8 /* Project object */;
			proxyType = 1;
			remoteGlobalIDString = 18333DE3271A9C44008993E8;
			remoteInfo = TSTestMain;
		};
/* End PBXContainerItemProxy section */

/* Begin PBXFileReference section */
		18333DE4271A9C44008993E8 /* TSTestMain.app */ = {isa = PBXFileReference; explicitFileType = wrapper.application; includeInIndex = 0; path = TSTestMain.app; sourceTree = BUILT_PRODUCTS_DIR; };
		18333DE7271A9C44008993E8 /* AppDelegate.h */ = {isa = PBXFileReference; lastKnownFileType = sourcecode.c.h; path = AppDelegate.h; sourceTree = "<group>"; };
		18333DE8271A9C44008993E8 /* AppDelegate.m */ = {isa = PBXFileReference; lastKnownFileType = sourcecode.c.objc; path = AppDelegate.m; sourceTree = "<group>"; };
		18333DEA271A9C44008993E8 /* SceneDelegate.h */ = {isa = PBXFileReference; lastKnownFileType = sourcecode.c.h; path = SceneDelegate.h; sourceTree = "<group>"; };
		18333DEB271A9C44008993E8 /* SceneDelegate.m */ = {isa = PBXFileReference; lastKnownFileType = sourcecode.c.objc; path = SceneDelegate.m; sourceTree = "<group>"; };
		18333DED271A9C44008993E8 /* ViewController.h */ = {isa = PBXFileReference; lastKnownFileType = sourcecode.c.h; path = ViewController.h; sourceTree = "<group>"; };
		18333DEE271A9C44008993E8 /* ViewController.m */ = {isa = PBXFileReference; lastKnownFileType = sourcecode.c.objc; path = ViewController.m; sourceTree = "<group>"; };
		18333DF1271A9C44008993E8 /* Base */ = {isa = PBXFileReference; lastKnownFileType = file.storyboard; name = Base; path = Base.lproj/Main.storyboard; sourceTree = "<group>"; };
		18333DF3271A9C46008993E8 /* Assets.xcassets */ = {isa = PBXFileReference; lastKnownFileType = folder.assetcatalog; path = Assets.xcassets; sourceTree = "<group>"; };
		18333DF6271A9C46008993E8 /* Base */ = {isa = PBXFileReference; lastKnownFileType = file.storyboard; name = Base; path = Base.lproj/LaunchScreen.storyboard; sourceTree = "<group>"; };
		18333DF8271A9C46008993E8 /* Info.plist */ = {isa = PBXFileReference; lastKnownFileType = text.plist.xml; path = Info.plist; sourceTree = "<group>"; };
		18333DF9271A9C46008993E8 /* main.m */ = {isa = PBXFileReference; lastKnownFileType = sourcecode.c.objc; path = main.m; sourceTree = "<group>"; };
		18333DFF271A9C46008993E8 /* TSTestMainTests.xctest */ = {isa = PBXFileReference; explicitFileType = wrapper.cfbundle; includeInIndex = 0; path = TSTestMainTests.xctest; sourceTree = BUILT_PRODUCTS_DIR; };
		18333E03271A9C46008993E8 /* TSTestMainTests.m */ = {isa = PBXFileReference; lastKnownFileType = sourcecode.c.objc; path = TSTestMainTests.m; sourceTree = "<group>"; };
		18333E09271A9C46008993E8 /* TSTestMainUITests.xctest */ = {isa = PBXFileReference; explicitFileType = wrapper.cfbundle; includeInIndex = 0; path = TSTestMainUITests.xctest; sourceTree = BUILT_PRODUCTS_DIR; };
		18333E0D271A9C46008993E8 /* TSTestMainUITests.m */ = {isa = PBXFileReference; lastKnownFileType = sourcecode.c.objc; path = TSTestMainUITests.m; sourceTree = "<group>"; };
		18333E0F271A9C46008993E8 /* TSTestMainUITestsLaunchTests.m */ = {isa = PBXFileReference; lastKnownFileType = sourcecode.c.objc; path = TSTestMainUITestsLaunchTests.m; sourceTree = "<group>"; };
/* End PBXFileReference section */

/* Begin PBXFrameworksBuildPhase section */
		18333DE1271A9C44008993E8 /* Frameworks */ = {
			isa = PBXFrameworksBuildPhase;
			buildActionMask = 2147483647;
			files = (
			);
			runOnlyForDeploymentPostprocessing = 0;
		};
		18333DFC271A9C46008993E8 /* Frameworks */ = {
			isa = PBXFrameworksBuildPhase;
			buildActionMask = 2147483647;
			files = (
			);
			runOnlyForDeploymentPostprocessing = 0;
		};
		18333E06271A9C46008993E8 /* Frameworks */ = {
			isa = PBXFrameworksBuildPhase;
			buildActionMask = 2147483647;
			files = (
			);
			runOnlyForDeploymentPostprocessing = 0;
		};
/* End PBXFrameworksBuildPhase section */

/* Begin PBXGroup section */
		18333DDB271A9C44008993E8 = {
			isa = PBXGroup;
			children = (
				18333DE6271A9C44008993E8 /* TSTestMain */,
				18333E02271A9C46008993E8 /* TSTestMainTests */,
				18333E0C271A9C46008993E8 /* TSTestMainUITests */,
				18333DE5271A9C44008993E8 /* Products */,
			);
			sourceTree = "<group>";
		};
		18333DE5271A9C44008993E8 /* Products */ = {
			isa = PBXGroup;
			children = (
				18333DE4271A9C44008993E8 /* TSTestMain.app */,
				18333DFF271A9C46008993E8 /* TSTestMainTests.xctest */,
				18333E09271A9C46008993E8 /* TSTestMainUITests.xctest */,
			);
			name = Products;
			sourceTree = "<group>";
		};
		18333DE6271A9C44008993E8 /* TSTestMain */ = {
			isa = PBXGroup;
			children = (
				18333DE7271A9C44008993E8 /* AppDelegate.h */,
				18333DE8271A9C44008993E8 /* AppDelegate.m */,
				18333DEA271A9C44008993E8 /* SceneDelegate.h */,
				18333DEB271A9C44008993E8 /* SceneDelegate.m */,
				18333DED271A9C44008993E8 /* ViewController.h */,
				18333DEE271A9C44008993E8 /* ViewController.m */,
				18333DF0271A9C44008993E8 /* Main.storyboard */,
				18333DF3271A9C46008993E8 /* Assets.xcassets */,
				18333DF5271A9C46008993E8 /* LaunchScreen.storyboard */,
				18333DF8271A9C46008993E8 /* Info.plist */,
				18333DF9271A9C46008993E8 /* main.m */,
			);
			path = TSTestMain;
			sourceTree = "<group>";
		};
		18333E02271A9C46008993E8 /* TSTestMainTests */ = {
			isa = PBXGroup;
			children = (
				18333E03271A9C46008993E8 /* TSTestMainTests.m */,
			);
			path = TSTestMainTests;
			sourceTree = "<group>";
		};
		18333E0C271A9C46008993E8 /* TSTestMainUITests */ = {
			isa = PBXGroup;
			children = (
				18333E0D271A9C46008993E8 /* TSTestMainUITests.m */,
				18333E0F271A9C46008993E8 /* TSTestMainUITestsLaunchTests.m */,
			);
			path = TSTestMainUITests;
			sourceTree = "<group>";
		};
/* End PBXGroup section */

/* Begin PBXNativeTarget section */
		18333DE3271A9C44008993E8 /* TSTestMain */ = {
			isa = PBXNativeTarget;
			buildConfigurationList = 18333E13271A9C46008993E8 /* Build configuration list for PBXNativeTarget "TSTestMain" */;
			buildPhases = (
				18333DE0271A9C44008993E8 /* Sources */,
				18333DE1271A9C44008993E8 /* Frameworks */,
				18333DE2271A9C44008993E8 /* Resources */,
			);
			buildRules = (
			);
			dependencies = (
			);
			name = TSTestMain;
			productName = TSTestMain;
			productReference = 18333DE4271A9C44008993E8 /* TSTestMain.app */;
			productType = "com.apple.product-type.application";
		};
		18333DFE271A9C46008993E8 /* TSTestMainTests */ = {
			isa = PBXNativeTarget;
			buildConfigurationList = 18333E16271A9C46008993E8 /* Build configuration list for PBXNativeTarget "TSTestMainTests" */;
			buildPhases = (
				18333DFB271A9C46008993E8 /* Sources */,
				18333DFC271A9C46008993E8 /* Frameworks */,
				18333DFD271A9C46008993E8 /* Resources */,
			);
			buildRules = (
			);
			dependencies = (
				18333E01271A9C46008993E8 /* PBXTargetDependency */,
			);
			name = TSTestMainTests;
			productName = TSTestMainTests;
			productReference = 18333DFF271A9C46008993E8 /* TSTestMainTests.xctest */;
			productType = "com.apple.product-type.bundle.unit-test";
		};
		18333E08271A9C46008993E8 /* TSTestMainUITests */ = {
			isa = PBXNativeTarget;
			buildConfigurationList = 18333E19271A9C46008993E8 /* Build configuration list for PBXNativeTarget "TSTestMainUITests" */;
			buildPhases = (
				18333E05271A9C46008993E8 /* Sources */,
				18333E06271A9C46008993E8 /* Frameworks */,
				18333E07271A9C46008993E8 /* Resources */,
			);
			buildRules = (
			);
			dependencies = (
				18333E0B271A9C46008993E8 /* PBXTargetDependency */,
			);
			name = TSTestMainUITests;
			productName = TSTestMainUITests;
			productReference = 18333E09271A9C46008993E8 /* TSTestMainUITests.xctest */;
			productType = "com.apple.product-type.bundle.ui-testing";
		};
/* End PBXNativeTarget section */

/* Begin PBXProject section */
		18333DDC271A9C44008993E8 /* Project object */ = {
			isa = PBXProject;
			attributes = {
				BuildIndependentTargetsInParallel = 1;
				LastUpgradeCheck = 1300;
				TargetAttributes = {
					18333DE3271A9C44008993E8 = {
						CreatedOnToolsVersion = 13.0;
					};
					18333DFE271A9C46008993E8 = {
						CreatedOnToolsVersion = 13.0;
						TestTargetID = 18333DE3271A9C44008993E8;
					};
					18333E08271A9C46008993E8 = {
						CreatedOnToolsVersion = 13.0;
						TestTargetID = 18333DE3271A9C44008993E8;
					};
				};
			};
			buildConfigurationList = 18333DDF271A9C44008993E8 /* Build configuration list for PBXProject "TSTestMain" */;
			compatibilityVersion = "Xcode 13.0";
			developmentRegion = en;
			hasScannedForEncodings = 0;
			knownRegions = (
				en,
				Base,
			);
			mainGroup = 18333DDB271A9C44008993E8;
			productRefGroup = 18333DE5271A9C44008993E8 /* Products */;
			projectDirPath = "";
			projectRoot = "";
			targets = (
				18333DE3271A9C44008993E8 /* TSTestMain */,
				18333DFE271A9C46008993E8 /* TSTestMainTests */,
				18333E08271A9C46008993E8 /* TSTestMainUITests */,
			);
		};
/* End PBXProject section */

/* Begin PBXResourcesBuildPhase section */
		18333DE2271A9C44008993E8 /* Resources */ = {
			isa = PBXResourcesBuildPhase;
			buildActionMask = 2147483647;
			files = (
				18333DF7271A9C46008993E8 /* LaunchScreen.storyboard in Resources */,
				18333DF4271A9C46008993E8 /* Assets.xcassets in Resources */,
				18333DF2271A9C44008993E8 /* Main.storyboard in Resources */,
			);
			runOnlyForDeploymentPostprocessing = 0;
		};
		18333DFD271A9C46008993E8 /* Resources */ = {
			isa = PBXResourcesBuildPhase;
			buildActionMask = 2147483647;
			files = (
			);
			runOnlyForDeploymentPostprocessing = 0;
		};
		18333E07271A9C46008993E8 /* Resources */ = {
			isa = PBXResourcesBuildPhase;
			buildActionMask = 2147483647;
			files = (
			);
			runOnlyForDeploymentPostprocessing = 0;
		};
/* End PBXResourcesBuildPhase section */

/* Begin PBXSourcesBuildPhase section */
		18333DE0271A9C44008993E8 /* Sources */ = {
			isa = PBXSourcesBuildPhase;
			buildActionMask = 2147483647;
			files = (
				18333DEF271A9C44008993E8 /* ViewController.m in Sources */,
				18333DE9271A9C44008993E8 /* AppDelegate.m in Sources */,
				18333DFA271A9C46008993E8 /* main.m in Sources */,
				18333DEC271A9C44008993E8 /* SceneDelegate.m in Sources */,
			);
			runOnlyForDeploymentPostprocessing = 0;
		};
		18333DFB271A9C46008993E8 /* Sources */ = {
			isa = PBXSourcesBuildPhase;
			buildActionMask = 2147483647;
			files = (
				18333E04271A9C46008993E8 /* TSTestMainTests.m in Sources */,
			);
			runOnlyForDeploymentPostprocessing = 0;
		};
		18333E05271A9C46008993E8 /* Sources */ = {
			isa = PBXSourcesBuildPhase;
			buildActionMask = 2147483647;
			files = (
				18333E10271A9C46008993E8 /* TSTestMainUITestsLaunchTests.m in Sources */,
				18333E0E271A9C46008993E8 /* TSTestMainUITests.m in Sources */,
			);
			runOnlyForDeploymentPostprocessing = 0;
		};
/* End PBXSourcesBuildPhase section */

/* Begin PBXTargetDependency section */
		18333E01271A9C46008993E8 /* PBXTargetDependency */ = {
			isa = PBXTargetDependency;
			target = 18333DE3271A9C44008993E8 /* TSTestMain */;
			targetProxy = 18333E00271A9C46008993E8 /* PBXContainerItemProxy */;
		};
		18333E0B271A9C46008993E8 /* PBXTargetDependency */ = {
			isa = PBXTargetDependency;
			target = 18333DE3271A9C44008993E8 /* TSTestMain */;
			targetProxy = 18333E0A271A9C46008993E8 /* PBXContainerItemProxy */;
		};
/* End PBXTargetDependency section */

/* Begin PBXVariantGroup section */
		18333DF0271A9C44008993E8 /* Main.storyboard */ = {
			isa = PBXVariantGroup;
			children = (
				18333DF1271A9C44008993E8 /* Base */,
			);
			name = Main.storyboard;
			sourceTree = "<group>";
		};
		18333DF5271A9C46008993E8 /* LaunchScreen.storyboard */ = {
			isa = PBXVariantGroup;
			children = (
				18333DF6271A9C46008993E8 /* Base */,
			);
			name = LaunchScreen.storyboard;
			sourceTree = "<group>";
		};
/* End PBXVariantGroup section */

/* Begin XCBuildConfiguration section */
		18333E11271A9C46008993E8 /* Debug */ = {
			isa = XCBuildConfiguration;
			buildSettings = {
				ALWAYS_SEARCH_USER_PATHS = NO;
				CLANG_ANALYZER_NONNULL = YES;
				CLANG_ANALYZER_NUMBER_OBJECT_CONVERSION = YES_AGGRESSIVE;
				CLANG_CXX_LANGUAGE_STANDARD = "gnu++17";
				CLANG_CXX_LIBRARY = "libc++";
				CLANG_ENABLE_MODULES = YES;
				CLANG_ENABLE_OBJC_ARC = YES;
				CLANG_ENABLE_OBJC_WEAK = YES;
				CLANG_WARN_BLOCK_CAPTURE_AUTORELEASING = YES;
				CLANG_WARN_BOOL_CONVERSION = YES;
				CLANG_WARN_COMMA = YES;
				CLANG_WARN_CONSTANT_CONVERSION = YES;
				CLANG_WARN_DEPRECATED_OBJC_IMPLEMENTATIONS = YES;
				CLANG_WARN_DIRECT_OBJC_ISA_USAGE = YES_ERROR;
				CLANG_WARN_DOCUMENTATION_COMMENTS = YES;
				CLANG_WARN_EMPTY_BODY = YES;
				CLANG_WARN_ENUM_CONVERSION = YES;
				CLANG_WARN_INFINITE_RECURSION = YES;
				CLANG_WARN_INT_CONVERSION = YES;
				CLANG_WARN_NON_LITERAL_NULL_CONVERSION = YES;
				CLANG_WARN_OBJC_IMPLICIT_RETAIN_SELF = YES;
				CLANG_WARN_OBJC_LITERAL_CONVERSION = YES;
				CLANG_WARN_OBJC_ROOT_CLASS = YES_ERROR;
				CLANG_WARN_QUOTED_INCLUDE_IN_FRAMEWORK_HEADER = YES;
				CLANG_WARN_RANGE_LOOP_ANALYSIS = YES;
				CLANG_WARN_STRICT_PROTOTYPES = YES;
				CLANG_WARN_SUSPICIOUS_MOVE = YES;
				CLANG_WARN_UNGUARDED_AVAILABILITY = YES_AGGRESSIVE;
				CLANG_WARN_UNREACHABLE_CODE = YES;
				CLANG_WARN__DUPLICATE_METHOD_MATCH = YES;
				COPY_PHASE_STRIP = NO;
				DEBUG_INFORMATION_FORMAT = dwarf;
				ENABLE_STRICT_OBJC_MSGSEND = YES;
				ENABLE_TESTABILITY = YES;
				GCC_C_LANGUAGE_STANDARD = gnu11;
				GCC_DYNAMIC_NO_PIC = NO;
				GCC_NO_COMMON_BLOCKS = YES;
				GCC_OPTIMIZATION_LEVEL = 0;
				GCC_PREPROCESSOR_DEFINITIONS = (
					"DEBUG=1",
					"$(inherited)",
				);
				GCC_WARN_64_TO_32_BIT_CONVERSION = YES;
				GCC_WARN_ABOUT_RETURN_TYPE = YES_ERROR;
				GCC_WARN_UNDECLARED_SELECTOR = YES;
				GCC_WARN_UNINITIALIZED_AUTOS = YES_AGGRESSIVE;
				GCC_WARN_UNUSED_FUNCTION = YES;
				GCC_WARN_UNUSED_VARIABLE = YES;
				IPHONEOS_DEPLOYMENT_TARGET = 15.0;
				MTL_ENABLE_DEBUG_INFO = INCLUDE_SOURCE;
				MTL_FAST_MATH = YES;
				ONLY_ACTIVE_ARCH = YES;
				SDKROOT = iphoneos;
			};
			name = Debug;
		};
		18333E12271A9C46008993E8 /* Release */ = {
			isa = XCBuildConfiguration;
			buildSettings = {
				ALWAYS_SEARCH_USER_PATHS = NO;
				CLANG_ANALYZER_NONNULL = YES;
				CLANG_ANALYZER_NUMBER_OBJECT_CONVERSION = YES_AGGRESSIVE;
				CLANG_CXX_LANGUAGE_STANDARD = "gnu++17";
				CLANG_CXX_LIBRARY = "libc++";
				CLANG_ENABLE_MODULES = YES;
				CLANG_ENABLE_OBJC_ARC = YES;
				CLANG_ENABLE_OBJC_WEAK = YES;
				CLANG_WARN_BLOCK_CAPTURE_AUTORELEASING = YES;
				CLANG_WARN_BOOL_CONVERSION = YES;
				CLANG_WARN_COMMA = YES;
				CLANG_WARN_CONSTANT_CONVERSION = YES;
				CLANG_WARN_DEPRECATED_OBJC_IMPLEMENTATIONS = YES;
				CLANG_WARN_DIRECT_OBJC_ISA_USAGE = YES_ERROR;
				CLANG_WARN_DOCUMENTATION_COMMENTS = YES;
				CLANG_WARN_EMPTY_BODY = YES;
				CLANG_WARN_ENUM_CONVERSION = YES;
				CLANG_WARN_INFINITE_RECURSION = YES;
				CLANG_WARN_INT_CONVERSION = YES;
				CLANG_WARN_NON_LITERAL_NULL_CONVERSION = YES;
				CLANG_WARN_OBJC_IMPLICIT_RETAIN_SELF = YES;
				CLANG_WARN_OBJC_LITERAL_CONVERSION = YES;
				CLANG_WARN_OBJC_ROOT_CLASS = YES_ERROR;
				CLANG_WARN_QUOTED_INCLUDE_IN_FRAMEWORK_HEADER = YES;
				CLANG_WARN_RANGE_LOOP_ANALYSIS = YES;
				CLANG_WARN_STRICT_PROTOTYPES = YES;
				CLANG_WARN_SUSPICIOUS_MOVE = YES;
				CLANG_WARN_UNGUARDED_AVAILABILITY = YES_AGGRESSIVE;
				CLANG_WARN_UNREACHABLE_CODE = YES;
				CLANG_WARN__DUPLICATE_METHOD_MATCH = YES;
				COPY_PHASE_STRIP = NO;
				DEBUG_INFORMATION_FORMAT = "dwarf-with-dsym";
				ENABLE_NS_ASSERTIONS = NO;
				ENABLE_STRICT_OBJC_MSGSEND = YES;
				GCC_C_LANGUAGE_STANDARD = gnu11;
				GCC_NO_COMMON_BLOCKS = YES;
				GCC_WARN_64_TO_32_BIT_CONVERSION = YES;
				GCC_WARN_ABOUT_RETURN_TYPE = YES_ERROR;
				GCC_WARN_UNDECLARED_SELECTOR = YES;
				GCC_WARN_UNINITIALIZED_AUTOS = YES_AGGRESSIVE;
				GCC_WARN_UNUSED_FUNCTION = YES;
				GCC_WARN_UNUSED_VARIABLE = YES;
				IPHONEOS_DEPLOYMENT_TARGET = 15.0;
				MTL_ENABLE_DEBUG_INFO = NO;
				MTL_FAST_MATH = YES;
				SDKROOT = iphoneos;
				VALIDATE_PRODUCT = YES;
			};
			name = Release;
		};
		18333E14271A9C46008993E8 /* Debug */ = {
			isa = XCBuildConfiguration;
			buildSettings = {
				ASSETCATALOG_COMPILER_APPICON_NAME = AppIcon;
				ASSETCATALOG_COMPILER_GLOBAL_ACCENT_COLOR_NAME = AccentColor;
				CODE_SIGN_STYLE = Automatic;
				CURRENT_PROJECT_VERSION = 1;
				DEVELOPMENT_TEAM = 7NQMFJ3VC5;
				GENERATE_INFOPLIST_FILE = YES;
				INFOPLIST_FILE = TSTestMain/Info.plist;
				INFOPLIST_KEY_UIApplicationSupportsIndirectInputEvents = YES;
				INFOPLIST_KEY_UILaunchStoryboardName = LaunchScreen;
				INFOPLIST_KEY_UIMainStoryboardFile = Main;
				INFOPLIST_KEY_UISupportedInterfaceOrientations_iPad = "UIInterfaceOrientationPortrait UIInterfaceOrientationPortraitUpsideDown UIInterfaceOrientationLandscapeLeft UIInterfaceOrientationLandscapeRight";
				INFOPLIST_KEY_UISupportedInterfaceOrientations_iPhone = "UIInterfaceOrientationPortrait UIInterfaceOrientationLandscapeLeft UIInterfaceOrientationLandscapeRight";
				LD_RUNPATH_SEARCH_PATHS = (
					"$(inherited)",
					"@executable_path/Frameworks",
				);
				MARKETING_VERSION = 1.0;
				PRODUCT_BUNDLE_IDENTIFIER = com.yxTest.TSTestMain;
				PRODUCT_NAME = "$(TARGET_NAME)";
				SWIFT_EMIT_LOC_STRINGS = YES;
				TARGETED_DEVICE_FAMILY = "1,2";
			};
			name = Debug;
		};
		18333E15271A9C46008993E8 /* Release */ = {
			isa = XCBuildConfiguration;
			buildSettings = {
				ASSETCATALOG_COMPILER_APPICON_NAME = AppIcon;
				ASSETCATALOG_COMPILER_GLOBAL_ACCENT_COLOR_NAME = AccentColor;
				CODE_SIGN_STYLE = Automatic;
				CURRENT_PROJECT_VERSION = 1;
				DEVELOPMENT_TEAM = 7NQMFJ3VC5;
				GENERATE_INFOPLIST_FILE = YES;
				INFOPLIST_FILE = TSTestMain/Info.plist;
				INFOPLIST_KEY_UIApplicationSupportsIndirectInputEvents = YES;
				INFOPLIST_KEY_UILaunchStoryboardName = LaunchScreen;
				INFOPLIST_KEY_UIMainStoryboardFile = Main;
				INFOPLIST_KEY_UISupportedInterfaceOrientations_iPad = "UIInterfaceOrientationPortrait UIInterfaceOrientationPortraitUpsideDown UIInterfaceOrientationLandscapeLeft UIInterfaceOrientationLandscapeRight";
				INFOPLIST_KEY_UISupportedInterfaceOrientations_iPhone = "UIInterfaceOrientationPortrait UIInterfaceOrientationLandscapeLeft UIInterfaceOrientationLandscapeRight";
				LD_RUNPATH_SEARCH_PATHS = (
					"$(inherited)",
					"@executable_path/Frameworks",
				);
				MARKETING_VERSION = 1.0;
				PRODUCT_BUNDLE_IDENTIFIER = com.yxTest.TSTestMain;
				PRODUCT_NAME = "$(TARGET_NAME)";
				SWIFT_EMIT_LOC_STRINGS = YES;
				TARGETED_DEVICE_FAMILY = "1,2";
			};
			name = Release;
		};
		18333E17271A9C46008993E8 /* Debug */ = {
			isa = XCBuildConfiguration;
			buildSettings = {
				BUNDLE_LOADER = "$(TEST_HOST)";
				CODE_SIGN_STYLE = Automatic;
				CURRENT_PROJECT_VERSION = 1;
				DEVELOPMENT_TEAM = 7NQMFJ3VC5;
				GENERATE_INFOPLIST_FILE = YES;
				IPHONEOS_DEPLOYMENT_TARGET = 15.0;
				LD_RUNPATH_SEARCH_PATHS = (
					"$(inherited)",
					"@executable_path/Frameworks",
					"@loader_path/Frameworks",
				);
				MARKETING_VERSION = 1.0;
				PRODUCT_BUNDLE_IDENTIFIER = com.yxTest.TSTestMainTests;
				PRODUCT_NAME = "$(TARGET_NAME)";
				SWIFT_EMIT_LOC_STRINGS = NO;
				TARGETED_DEVICE_FAMILY = "1,2";
				TEST_HOST = "$(BUILT_PRODUCTS_DIR)/TSTestMain.app/TSTestMain";
			};
			name = Debug;
		};
		18333E18271A9C46008993E8 /* Release */ = {
			isa = XCBuildConfiguration;
			buildSettings = {
				BUNDLE_LOADER = "$(TEST_HOST)";
				CODE_SIGN_STYLE = Automatic;
				CURRENT_PROJECT_VERSION = 1;
				DEVELOPMENT_TEAM = 7NQMFJ3VC5;
				GENERATE_INFOPLIST_FILE = YES;
				IPHONEOS_DEPLOYMENT_TARGET = 15.0;
				LD_RUNPATH_SEARCH_PATHS = (
					"$(inherited)",
					"@executable_path/Frameworks",
					"@loader_path/Frameworks",
				);
				MARKETING_VERSION = 1.0;
				PRODUCT_BUNDLE_IDENTIFIER = com.yxTest.TSTestMainTests;
				PRODUCT_NAME = "$(TARGET_NAME)";
				SWIFT_EMIT_LOC_STRINGS = NO;
				TARGETED_DEVICE_FAMILY = "1,2";
				TEST_HOST = "$(BUILT_PRODUCTS_DIR)/TSTestMain.app/TSTestMain";
			};
			name = Release;
		};
		18333E1A271A9C46008993E8 /* Debug */ = {
			isa = XCBuildConfiguration;
			buildSettings = {
				CODE_SIGN_STYLE = Automatic;
				CURRENT_PROJECT_VERSION = 1;
				DEVELOPMENT_TEAM = 7NQMFJ3VC5;
				GENERATE_INFOPLIST_FILE = YES;
				LD_RUNPATH_SEARCH_PATHS = (
					"$(inherited)",
					"@executable_path/Frameworks",
					"@loader_path/Frameworks",
				);
				MARKETING_VERSION = 1.0;
				PRODUCT_BUNDLE_IDENTIFIER = com.yxTest.TSTestMainUITests;
				PRODUCT_NAME = "$(TARGET_NAME)";
				SWIFT_EMIT_LOC_STRINGS = NO;
				TARGETED_DEVICE_FAMILY = "1,2";
				TEST_TARGET_NAME = TSTestMain;
			};
			name = Debug;
		};
		18333E1B271A9C46008993E8 /* Release */ = {
			isa = XCBuildConfiguration;
			buildSettings = {
				CODE_SIGN_STYLE = Automatic;
				CURRENT_PROJECT_VERSION = 1;
				DEVELOPMENT_TEAM = 7NQMFJ3VC5;
				GENERATE_INFOPLIST_FILE = YES;
				LD_RUNPATH_SEARCH_PATHS = (
					"$(inherited)",
					"@executable_path/Frameworks",
					"@loader_path/Frameworks",
				);
				MARKETING_VERSION = 1.0;
				PRODUCT_BUNDLE_IDENTIFIER = com.yxTest.TSTestMainUITests;
				PRODUCT_NAME = "$(TARGET_NAME)";
				SWIFT_EMIT_LOC_STRINGS = NO;
				TARGETED_DEVICE_FAMILY = "1,2";
				TEST_TARGET_NAME = TSTestMain;
			};
			name = Release;
		};
/* End XCBuildConfiguration section */

/* Begin XCConfigurationList section */
		18333DDF271A9C44008993E8 /* Build configuration list for PBXProject "TSTestMain" */ = {
			isa = XCConfigurationList;
			buildConfigurations = (
				18333E11271A9C46008993E8 /* Debug */,
				18333E12271A9C46008993E8 /* Release */,
			);
			defaultConfigurationIsVisible = 0;
			defaultConfigurationName = Release;
		};
		18333E13271A9C46008993E8 /* Build configuration list for PBXNativeTarget "TSTestMain" */ = {
			isa = XCConfigurationList;
			buildConfigurations = (
				18333E14271A9C46008993E8 /* Debug */,
				18333E15271A9C46008993E8 /* Release */,
			);
			defaultConfigurationIsVisible = 0;
			defaultConfigurationName = Release;
		};
		18333E16271A9C46008993E8 /* Build configuration list for PBXNativeTarget "TSTestMainTests" */ = {
			isa = XCConfigurationList;
			buildConfigurations = (
				18333E17271A9C46008993E8 /* Debug */,
				18333E18271A9C46008993E8 /* Release */,
			);
			defaultConfigurationIsVisible = 0;
			defaultConfigurationName = Release;
		};
		18333E19271A9C46008993E8 /* Build configuration list for PBXNativeTarget "TSTestMainUITests" */ = {
			isa = XCConfigurationList;
			buildConfigurations = (
				18333E1A271A9C46008993E8 /* Debug */,
				18333E1B271A9C46008993E8 /* Release */,
			);
			defaultConfigurationIsVisible = 0;
			defaultConfigurationName = Release;
		};
/* End XCConfigurationList section */
	};
	rootObject = 18333DDC271A9C44008993E8 /* Project object */;
}
